{
  "name": "pytgraph",
  "version": "0.1.0",
  "lockfileVersion": 1,
  "requires": true,
  "dependencies": {
    "@jupyter-widgets/base": {
      "version": "1.2.5",
      "resolved": "https://registry.npmjs.org/@jupyter-widgets/base/-/base-1.2.5.tgz",
      "integrity": "sha512-D/cYIo0o0wnTeR2uFTZqwxyxglE4UkJ2mGPEhN1G1a1pnIip+3GcONPjYY+w6OLzShKz10R9V7hUQTqcvRaW8Q==",
      "requires": {
        "@jupyterlab/services": "^1.0.1 || ^2.0.0 || ^3.0.0 || 4.0.0-alpha.3 || 4.0.0-alpha.6 || 4.0.0-alpha.8",
        "@phosphor/coreutils": "^1.2.0",
        "@phosphor/messaging": "^1.2.1",
        "@phosphor/widgets": "^1.3.0",
        "@types/backbone": "^1.3.33",
        "@types/lodash": "^4.14.66",
        "backbone": "1.2.3",
        "base64-js": "^1.2.1",
        "jquery": "^3.1.1",
        "lodash": "^4.17.4"
      }
    },
    "@jupyterlab/coreutils": {
      "version": "2.2.1",
      "resolved": "https://registry.npmjs.org/@jupyterlab/coreutils/-/coreutils-2.2.1.tgz",
      "integrity": "sha512-XkGMBXqEAnENC4fK/L3uEqqxyNUtf4TI/1XNDln7d5VOPHQJSBTbYlBAZ0AQotn2qbs4WqmV6icxje2ITVedqQ==",
      "requires": {
        "@phosphor/algorithm": "^1.1.2",
        "@phosphor/coreutils": "^1.3.0",
        "@phosphor/disposable": "^1.1.2",
        "@phosphor/signaling": "^1.2.2",
        "ajv": "~5.1.6",
        "comment-json": "^1.1.3",
        "minimist": "~1.2.0",
        "moment": "~2.21.0",
        "path-posix": "~1.0.0",
        "url-parse": "~1.4.3"
      }
    },
    "@jupyterlab/observables": {
      "version": "2.1.1",
      "resolved": "https://registry.npmjs.org/@jupyterlab/observables/-/observables-2.1.1.tgz",
      "integrity": "sha512-PzmJ/jF5fWzHCvjPAWBi3YjtHRAF0bwyjpd8W8aJt64TzhEZh0se8xCNGOURzD+8TxOsTF9JpQ9wIDBr4V226Q==",
      "requires": {
        "@phosphor/algorithm": "^1.1.2",
        "@phosphor/coreutils": "^1.3.0",
        "@phosphor/disposable": "^1.1.2",
        "@phosphor/messaging": "^1.2.2",
        "@phosphor/signaling": "^1.2.2"
      }
    },
    "@jupyterlab/services": {
      "version": "3.2.1",
      "resolved": "https://registry.npmjs.org/@jupyterlab/services/-/services-3.2.1.tgz",
      "integrity": "sha512-zCMruGGYxTe427ESK4YUO1V/liFOFYpebYPRsJ+j9CFdV+Hm760+nx4pFX6N6Z9TbS+5cs8BgZ+ebm8unRZrJg==",
      "requires": {
        "@jupyterlab/coreutils": "^2.2.1",
        "@jupyterlab/observables": "^2.1.1",
        "@phosphor/algorithm": "^1.1.2",
        "@phosphor/coreutils": "^1.3.0",
        "@phosphor/disposable": "^1.1.2",
        "@phosphor/signaling": "^1.2.2"
      }
    },
    "@phosphor/algorithm": {
      "version": "1.1.3",
      "resolved": "https://registry.npmjs.org/@phosphor/algorithm/-/algorithm-1.1.3.tgz",
      "integrity": "sha512-+dkdYTBglR+qGnLVQdCvYojNZMGxf+xSl1Jeksha3pm7niQktSFz2aR5gEPu/nI5LM8T8slTpqE4Pjvq8P+IVA=="
    },
    "@phosphor/application": {
      "version": "1.6.3",
      "resolved": "https://registry.npmjs.org/@phosphor/application/-/application-1.6.3.tgz",
      "integrity": "sha512-UaRR91MWBZwNBGt0ekLVaN98KSwffRE0nsu+UgAmd4s8J28vVCQAPqXx1SjNPnaYVILnXD5whmCA02Ca81bR/A==",
      "dev": true,
      "requires": {
        "@phosphor/commands": "^1.6.3",
        "@phosphor/coreutils": "^1.3.1",
        "@phosphor/widgets": "^1.8.0"
      },
      "dependencies": {
        "@phosphor/commands": {
          "version": "1.6.3",
          "resolved": "https://registry.npmjs.org/@phosphor/commands/-/commands-1.6.3.tgz",
          "integrity": "sha512-PYNHWv6tbXAfAtKiqXuT0OBJvwbJ+RRTV60MBykMF7Vqz9UaZ9n2e/eB2EAGEFccF0PnjTCvBEZgarwwMVi8Hg==",
          "dev": true,
          "requires": {
            "@phosphor/algorithm": "^1.1.3",
            "@phosphor/coreutils": "^1.3.1",
            "@phosphor/disposable": "^1.2.0",
            "@phosphor/domutils": "^1.1.3",
            "@phosphor/keyboard": "^1.1.3",
            "@phosphor/signaling": "^1.2.3"
          }
        },
        "@phosphor/disposable": {
          "version": "1.2.0",
          "resolved": "https://registry.npmjs.org/@phosphor/disposable/-/disposable-1.2.0.tgz",
          "integrity": "sha512-4PoWoffdrLyWOW5Qv7I8//owvZmv57YhaxetAMWeJl13ThXc901RprL0Gxhtue2ZxL2PtUjM1207HndKo2FVjA==",
          "dev": true,
          "requires": {
            "@phosphor/algorithm": "^1.1.3",
            "@phosphor/signaling": "^1.2.3"
          }
        },
        "@phosphor/dragdrop": {
          "version": "1.3.3",
          "resolved": "https://registry.npmjs.org/@phosphor/dragdrop/-/dragdrop-1.3.3.tgz",
          "integrity": "sha512-+SrlGsVQwY8OHCWxE/Zvihpk6Rc6bytJDqOUUTZqdL8hvM9QZeopAFioPDxuo1pTj87Um6cR4ekvbTU4KZ/90w==",
          "dev": true,
          "requires": {
            "@phosphor/coreutils": "^1.3.1",
            "@phosphor/disposable": "^1.2.0"
          }
        },
        "@phosphor/widgets": {
          "version": "1.8.0",
          "resolved": "https://registry.npmjs.org/@phosphor/widgets/-/widgets-1.8.0.tgz",
          "integrity": "sha512-Tkjk1bJks9Dtm7lhxTcpA+cSGwdNvRWG5TrolS0waSUiEdgrStWc8QnkMga3zwUZ9Wrz3cLZWnqBfxMjDqwMnA==",
          "dev": true,
          "requires": {
            "@phosphor/algorithm": "^1.1.3",
            "@phosphor/commands": "^1.6.3",
            "@phosphor/coreutils": "^1.3.1",
            "@phosphor/disposable": "^1.2.0",
            "@phosphor/domutils": "^1.1.3",
            "@phosphor/dragdrop": "^1.3.3",
            "@phosphor/keyboard": "^1.1.3",
            "@phosphor/messaging": "^1.2.3",
            "@phosphor/properties": "^1.1.3",
            "@phosphor/signaling": "^1.2.3",
            "@phosphor/virtualdom": "^1.1.3"
          }
        }
      }
    },
    "@phosphor/collections": {
      "version": "1.1.3",
      "resolved": "https://registry.npmjs.org/@phosphor/collections/-/collections-1.1.3.tgz",
      "integrity": "sha512-J2U1xd2e5LtqoOJt4kynrjDNeHhVpJjuY2/zA0InS5kyOuWmvy79pt/KJ22n0LBNcU/fjkImqtQmbrC2Z4q2xQ==",
      "requires": {
        "@phosphor/algorithm": "^1.1.3"
      }
    },
    "@phosphor/commands": {
      "version": "1.6.2",
      "resolved": "https://registry.npmjs.org/@phosphor/commands/-/commands-1.6.2.tgz",
      "integrity": "sha512-vQFO7ff0ZGfhPft2xJXj30EnYExZgs2l7rbgTBn9PfySNFY6Y1PGMdmEnpcYAT6BPqWrNXMPqZpRWqG3xqNN7w==",
      "requires": {
        "@phosphor/algorithm": "^1.1.3",
        "@phosphor/coreutils": "^1.3.1",
        "@phosphor/disposable": "^1.1.3",
        "@phosphor/domutils": "^1.1.3",
        "@phosphor/keyboard": "^1.1.3",
        "@phosphor/signaling": "^1.2.3"
      }
    },
    "@phosphor/coreutils": {
      "version": "1.3.1",
      "resolved": "https://registry.npmjs.org/@phosphor/coreutils/-/coreutils-1.3.1.tgz",
      "integrity": "sha512-9OHCn8LYRcPU/sbHm5v7viCA16Uev3gbdkwqoQqlV+EiauDHl70jmeL7XVDXdigl66Dz0LI11C99XOxp+s3zOA=="
    },
    "@phosphor/disposable": {
      "version": "1.1.3",
      "resolved": "https://registry.npmjs.org/@phosphor/disposable/-/disposable-1.1.3.tgz",
      "integrity": "sha512-yH5/HZzOyp37y+G/6X1hem3EfQCsUMtiStacG9W5F7mRsO4UuIXGxY3/XyJHAzy9UFrInOJD7alurQc/4wYhbQ==",
      "requires": {
        "@phosphor/algorithm": "^1.1.3"
      }
    },
    "@phosphor/domutils": {
      "version": "1.1.3",
      "resolved": "https://registry.npmjs.org/@phosphor/domutils/-/domutils-1.1.3.tgz",
      "integrity": "sha512-5CtLAhURQXXHhNXfQydDk/luG1cDVnhlu/qw7gz8/9pht0KXIAmNg/M0LKxx2oJ9+YMNCLVWxAnHAU0yrDpWSA=="
    },
    "@phosphor/dragdrop": {
      "version": "1.3.2",
      "resolved": "https://registry.npmjs.org/@phosphor/dragdrop/-/dragdrop-1.3.2.tgz",
      "integrity": "sha512-eP+QgQvMuyYbracmvCb+/Qh+k1V/hQyz4Ko++clNb8AmNbsYK/cKS8A5RGcCdgonahzUrJNwm0uf7MJWPa2hHw==",
      "requires": {
        "@phosphor/coreutils": "^1.3.1",
        "@phosphor/disposable": "^1.1.3"
      }
    },
    "@phosphor/keyboard": {
      "version": "1.1.3",
      "resolved": "https://registry.npmjs.org/@phosphor/keyboard/-/keyboard-1.1.3.tgz",
      "integrity": "sha512-dzxC/PyHiD6mXaESRy6PZTd9JeK+diwG1pyngkyUf127IXOEzubTIbu52VSdpGBklszu33ws05BAGDa4oBE4mQ=="
    },
    "@phosphor/messaging": {
      "version": "1.2.3",
      "resolved": "https://registry.npmjs.org/@phosphor/messaging/-/messaging-1.2.3.tgz",
      "integrity": "sha512-89Ps4uSRNOEQoepB/0SDoyPpNUWd6VZnmbMetmeXZJHsuJ1GLxtnq3WBdl7UCVNsw3W9NC610pWaDCy/BafRlg==",
      "requires": {
        "@phosphor/algorithm": "^1.1.3",
        "@phosphor/collections": "^1.1.3"
      }
    },
    "@phosphor/properties": {
      "version": "1.1.3",
      "resolved": "https://registry.npmjs.org/@phosphor/properties/-/properties-1.1.3.tgz",
      "integrity": "sha512-GiglqzU77s6+tFVt6zPq9uuyu/PLQPFcqZt914ZhJ4cN/7yNI/SLyMzpYZ56IRMXvzK9TUgbRna6URE3XAwFUg=="
    },
    "@phosphor/signaling": {
      "version": "1.2.3",
      "resolved": "https://registry.npmjs.org/@phosphor/signaling/-/signaling-1.2.3.tgz",
      "integrity": "sha512-DMwS0m9OgfY5ljpTsklRQPUQpTyg4obz85FyImRDacUVxUVbas95djIDEbU4s1TMzdHBBO+gfki3V4giXUvXzw==",
      "requires": {
        "@phosphor/algorithm": "^1.1.3"
      }
    },
    "@phosphor/virtualdom": {
      "version": "1.1.3",
      "resolved": "https://registry.npmjs.org/@phosphor/virtualdom/-/virtualdom-1.1.3.tgz",
      "integrity": "sha512-V8PHhhnZCRa5esrC4q5VthqlLtxTo9ZV1mZ6b4YEloapca1S1nggZSQhrSlltXQjtYNUaWJZUZ/BlFD8wFtIEQ==",
      "requires": {
        "@phosphor/algorithm": "^1.1.3"
      }
    },
    "@phosphor/widgets": {
      "version": "1.7.1",
      "resolved": "https://registry.npmjs.org/@phosphor/widgets/-/widgets-1.7.1.tgz",
      "integrity": "sha512-G1+ysjeh5+RBiedqnyz9e39nHrEtPU9xXF3Sx62wjoU/8ksIe/nm3aouRCTZNqaYZqdmApLz1CmANvgwn7qILA==",
      "requires": {
        "@phosphor/algorithm": "^1.1.3",
        "@phosphor/commands": "^1.6.2",
        "@phosphor/coreutils": "^1.3.1",
        "@phosphor/disposable": "^1.1.3",
        "@phosphor/domutils": "^1.1.3",
        "@phosphor/dragdrop": "^1.3.2",
        "@phosphor/keyboard": "^1.1.3",
        "@phosphor/messaging": "^1.2.3",
        "@phosphor/properties": "^1.1.3",
        "@phosphor/signaling": "^1.2.3",
        "@phosphor/virtualdom": "^1.1.3"
      }
    },
    "@types/backbone": {
      "version": "1.4.0",
      "resolved": "https://registry.npmjs.org/@types/backbone/-/backbone-1.4.0.tgz",
      "integrity": "sha512-oxHwn/AGp60cAB3z10hO4pZdAdGan1Xc3UiQkx/qKCiLiccyN+PZwJ1QUCc8en7UHEc3FSRSh8kZLJkWY8JGMg==",
      "requires": {
        "@types/jquery": "*",
        "@types/underscore": "*"
      }
    },
    "@types/jquery": {
      "version": "3.3.29",
      "resolved": "https://registry.npmjs.org/@types/jquery/-/jquery-3.3.29.tgz",
      "integrity": "sha512-FhJvBninYD36v3k6c+bVk1DSZwh7B5Dpb/Pyk3HKVsiohn0nhbefZZ+3JXbWQhFyt0MxSl2jRDdGQPHeOHFXrQ==",
      "requires": {
        "@types/sizzle": "*"
      }
    },
    "@types/lodash": {
      "version": "4.14.134",
      "resolved": "https://registry.npmjs.org/@types/lodash/-/lodash-4.14.134.tgz",
      "integrity": "sha512-2/O0khFUCFeDlbi7sZ7ZFRCcT812fAeOLm7Ev4KbwASkZ575TDrDcY7YyaoHdTOzKcNbfiwLYZqPmoC4wadrsw=="
    },
    "@types/sizzle": {
      "version": "2.3.2",
      "resolved": "https://registry.npmjs.org/@types/sizzle/-/sizzle-2.3.2.tgz",
      "integrity": "sha512-7EJYyKTL7tFR8+gDbB6Wwz/arpGa0Mywk1TJbNzKzHtzbwVmY4HR9WqS5VV7dsBUKQmPNr192jHr/VpBluj/hg=="
    },
    "@types/underscore": {
      "version": "1.8.18",
      "resolved": "https://registry.npmjs.org/@types/underscore/-/underscore-1.8.18.tgz",
      "integrity": "sha512-mXQ8u416FWMPjp2zWrcVmOZtzKQM6IeyVcuE+RGF/04JLBrMjfnmNKn74VN8fIkFzU97TpzkP0ny0p0h65eC7w=="
    },
    "ajv": {
      "version": "5.1.6",
      "resolved": "https://registry.npmjs.org/ajv/-/ajv-5.1.6.tgz",
      "integrity": "sha1-Sy8aGd7Ok9V6whYDfj6XkcfdFWQ=",
      "requires": {
        "co": "^4.6.0",
        "json-schema-traverse": "^0.3.0",
        "json-stable-stringify": "^1.0.1"
      }
    },
    "backbone": {
      "version": "1.2.3",
      "resolved": "https://registry.npmjs.org/backbone/-/backbone-1.2.3.tgz",
      "integrity": "sha1-wiz9B/yG676uYdGJKe0RXpmdZbk=",
      "requires": {
        "underscore": ">=1.7.0"
      }
    },
    "base64-js": {
      "version": "1.3.0",
      "resolved": "https://registry.npmjs.org/base64-js/-/base64-js-1.3.0.tgz",
      "integrity": "sha512-ccav/yGvoa80BQDljCxsmmQ3Xvx60/UpBIij5QN21W3wBi/hhIC9OoO+KLpu9IJTS9j4DRVJ3aDDF9cMSoa2lw=="
    },
    "co": {
      "version": "4.6.0",
      "resolved": "https://registry.npmjs.org/co/-/co-4.6.0.tgz",
      "integrity": "sha1-bqa989hTrlTMuOR7+gvz+QMfsYQ="
    },
    "comment-json": {
      "version": "1.1.3",
      "resolved": "https://registry.npmjs.org/comment-json/-/comment-json-1.1.3.tgz",
      "integrity": "sha1-aYbDMw/uDEyeAMI5jNYa+l2PI54=",
      "requires": {
        "json-parser": "^1.0.0"
      }
    },
    "esprima": {
      "version": "2.7.3",
      "resolved": "https://registry.npmjs.org/esprima/-/esprima-2.7.3.tgz",
      "integrity": "sha1-luO3DVd59q1JzQMmc9HDEnZ7pYE="
    },
    "jquery": {
      "version": "3.4.1",
      "resolved": "https://registry.npmjs.org/jquery/-/jquery-3.4.1.tgz",
      "integrity": "sha512-36+AdBzCL+y6qjw5Tx7HgzeGCzC81MDDgaUP8ld2zhx58HdqXGoBd+tHdrBMiyjGQs0Hxs/MLZTu/eHNJJuWPw=="
    },
    "json-parser": {
      "version": "1.1.5",
      "resolved": "https://registry.npmjs.org/json-parser/-/json-parser-1.1.5.tgz",
      "integrity": "sha1-5i7FJh0aal/CDoEqMgdAxtkAVnc=",
      "requires": {
        "esprima": "^2.7.0"
      }
    },
    "json-schema-traverse": {
      "version": "0.3.1",
      "resolved": "https://registry.npmjs.org/json-schema-traverse/-/json-schema-traverse-0.3.1.tgz",
      "integrity": "sha1-NJptRMU6Ud6JtAgFxdXlm0F9M0A="
    },
    "json-stable-stringify": {
      "version": "1.0.1",
      "resolved": "https://registry.npmjs.org/json-stable-stringify/-/json-stable-stringify-1.0.1.tgz",
      "integrity": "sha1-mnWdOcXy/1A/1TAGRu1EX4jE+a8=",
      "requires": {
        "jsonify": "~0.0.0"
      }
    },
    "jsonify": {
      "version": "0.0.0",
      "resolved": "https://registry.npmjs.org/jsonify/-/jsonify-0.0.0.tgz",
      "integrity": "sha1-LHS27kHZPKUbe1qu6PUDYx0lKnM="
    },
    "lodash": {
      "version": "4.17.11",
      "resolved": "https://registry.npmjs.org/lodash/-/lodash-4.17.11.tgz",
      "integrity": "sha512-cQKh8igo5QUhZ7lg38DYWAxMvjSAKG0A8wGSVimP07SIUEK2UO+arSRKbRZWtelMtN5V0Hkwh5ryOto/SshYIg=="
    },
    "math": {
      "version": "0.0.3",
      "resolved": "https://registry.npmjs.org/math/-/math-0.0.3.tgz",
      "integrity": "sha1-hbAg/VTOELJqvqv81+H0vbxGRw8="
    },
    "minimist": {
      "version": "1.2.0",
      "resolved": "https://registry.npmjs.org/minimist/-/minimist-1.2.0.tgz",
      "integrity": "sha1-o1AIsg9BOD7sH7kU9M1d95omQoQ="
    },
    "moment": {
      "version": "2.21.0",
      "resolved": "https://registry.npmjs.org/moment/-/moment-2.21.0.tgz",
      "integrity": "sha512-TCZ36BjURTeFTM/CwRcViQlfkMvL1/vFISuNLO5GkcVm1+QHfbSiNqZuWeMFjj1/3+uAjXswgRk30j1kkLYJBQ=="
    },
    "path-posix": {
      "version": "1.0.0",
      "resolved": "https://registry.npmjs.org/path-posix/-/path-posix-1.0.0.tgz",
      "integrity": "sha1-BrJhE/Vr6rBCVFojv6iAA8ysJg8="
    },
    "querystringify": {
      "version": "2.1.1",
      "resolved": "https://registry.npmjs.org/querystringify/-/querystringify-2.1.1.tgz",
      "integrity": "sha512-w7fLxIRCRT7U8Qu53jQnJyPkYZIaR4n5151KMfcJlO/A9397Wxb1amJvROTK6TOnp7PfoAmg/qXiNHI+08jRfA=="
    },
    "requires-port": {
      "version": "1.0.0",
      "resolved": "https://registry.npmjs.org/requires-port/-/requires-port-1.0.0.tgz",
      "integrity": "sha1-kl0mAdOaxIXgkc8NpcbmlNw9yv8="
    },
    "tgraph": {
      "version": "1.0.2",
      "resolved": "https://registry.npmjs.org/tgraph/-/tgraph-1.0.2.tgz",
      "integrity": "sha512-K/azqdTvb3QOEmc0iM/+mJfq+s9YFI3go50K4Aj/YlS1I0GJZFpOJlbuiVrTy0WeeNlTNXsP7SxVgMaCU9M23w==",
      "requires": {
        "@types/jquery": "^3.3.29",
        "jquery": "^3.4.1",
        "lodash": "^4.17.11",
        "math": "^0.0.3",
        "three": "^0.71.1",
        "three-trackballcontrols": "0.0.7",
        "typescript": "^3.5.1"
      },
      "dependencies": {
        "typescript": {
          "version": "3.5.2",
          "resolved": "https://registry.npmjs.org/typescript/-/typescript-3.5.2.tgz",
          "integrity": "sha512-7KxJovlYhTX5RaRbUdkAXN1KUZ8PwWlTzQdHV6xNqvuFOs7+WBo10TQUqT19Q/Jz2hk5v9TQDIhyLhhJY4p5AA=="
        }
      }
    },
    "three": {
      "version": "0.71.1",
      "resolved": "https://registry.npmjs.org/three/-/three-0.71.1.tgz",
      "integrity": "sha1-kBDH0qt/8zACFuX/ILKubdQD/Xs="
    },
    "three-trackballcontrols": {
      "version": "0.0.7",
      "resolved": "https://registry.npmjs.org/three-trackballcontrols/-/three-trackballcontrols-0.0.7.tgz",
      "integrity": "sha512-vWs5XkBnhFb5TkqiEHcvZf50FcOVlXTYL4OT4ydeFr0r7j5H6HYf6ODYnYr7todUECxNf/rbh8zSQKFb0NW83w=="
    },
    "underscore": {
      "version": "1.9.1",
      "resolved": "https://registry.npmjs.org/underscore/-/underscore-1.9.1.tgz",
      "integrity": "sha512-5/4etnCkd9c8gwgowi5/om/mYO5ajCaOgdzj/oW+0eQV9WxKBDZw5+ycmKmeaTXjInS/W0BzpGLo2xR2aBwZdg=="
    },
    "url-parse": {
      "version": "1.4.7",
      "resolved": "https://registry.npmjs.org/url-parse/-/url-parse-1.4.7.tgz",
      "integrity": "sha512-d3uaVyzDB9tQoSXFvuSUNFibTd9zxd2bkVrDRvF5TmvWWQwqE4lgYJ5m+x1DbecWkw+LK4RNl2CU1hHuOKPVlg==",
      "requires": {
        "querystringify": "^2.1.1",
        "requires-port": "^1.0.0"
      }
    }
  }
}
